
Microsoft Visual Studio Solution File, Format Version 12.00
# Visual Studio 15
VisualStudioVersion = 15.0.27428.2027
MinimumVisualStudioVersion = 10.0.40219.1
Project("{9A19103F-16F7-4668-BE54-9A1E7A4F7556}") = "BookShopManagmentSystem", "BookShopManagmentSystem\BookShopManagmentSystem.csproj", "{70AD5709-B2C5-4408-BFBD-9D98E00B6374}"
EndProject
Project("{FAE04EC0-301F-11D3-BF4B-00C04F79EFBC}") = "BookShop.Core", "BookShop.Core\BookShop.Core.csproj", "{0496DA7C-0535-4F51-BF3B-38647AB23CF0}"
EndProject
Project("{FAE04EC0-301F-11D3-BF4B-00C04F79EFBC}") = "BookShop.Model", "BookShop.Model\BookShop.Model.csproj", "{5480F578-49B3-4E01-B824-78A2E1849589}"
EndProject
Global
	GlobalSection(SolutionConfigurationPlatforms) = preSolution
		Debug|Any CPU = Debug|Any CPU
		Release|Any CPU = Release|Any CPU
	EndGlobalSection
	GlobalSection(ProjectConfigurationPlatforms) = postSolution
		{70AD5709-B2C5-4408-BFBD-9D98E00B6374}.Debug|Any CPU.ActiveCfg = Debug|Any CPU
		{70AD5709-B2C5-4408-BFBD-9D98E00B6374}.Debug|Any CPU.Build.0 = Debug|Any CPU
		{70AD5709-B2C5-4408-BFBD-9D98E00B6374}.Release|Any CPU.ActiveCfg = Release|Any CPU
		{70AD5709-B2C5-4408-BFBD-9D98E00B6374}.Release|Any CPU.Build.0 = Release|Any CPU
		{0496DA7C-0535-4F51-BF3B-38647AB23CF0}.Debug|Any CPU.ActiveCfg = Debug|Any CPU
		{0496DA7C-0535-4F51-BF3B-38647AB23CF0}.Debug|Any CPU.Build.0 = Debug|Any CPU
		{0496DA7C-0535-4F51-BF3B-38647AB23CF0}.Release|Any CPU.ActiveCfg = Release|Any CPU
		{0496DA7C-0535-4F51-BF3B-38647AB23CF0}.Release|Any CPU.Build.0 = Release|Any CPU
		{5480F578-49B3-4E01-B824-78A2E1849589}.Debug|Any CPU.ActiveCfg = Debug|Any CPU
		{5480F578-49B3-4E01-B824-78A2E1849589}.Debug|Any CPU.Build.0 = Debug|Any CPU
		{5480F578-49B3-4E01-B824-78A2E1849589}.Release|Any CPU.ActiveCfg = Release|Any CPU
		{5480F578-49B3-4E01-B824-78A2E1849589}.Release|Any CPU.Build.0 = Release|Any CPU
	EndGlobalSection
	GlobalSection(SolutionProperties) = preSolution
		HideSolutionNode = FALSE
	EndGlobalSection
	GlobalSection(ExtensibilityGlobals) = postSolution
		SolutionGuid = {60418A52-458D-47E2-8272-E0C9FEEEEE7E}
	EndGlobalSection
EndGlobal
